// !$*UTF8*$!
{
	archiveVersion = 1;
	classes = {
	};
	objectVersion = 56;
	objects = {

/* Begin PBXBuildFile section */
		63294AD72C21EB1100EF4A90 /* RhizomeApp.swift in Sources */ = {isa = PBXBuildFile; fileRef = 63294AD62C21EB1100EF4A90 /* RhizomeApp.swift */; };
		63294AD92C21EB1100EF4A90 /* ContentView.swift in Sources */ = {isa = PBXBuildFile; fileRef = 63294AD82C21EB1100EF4A90 /* ContentView.swift */; };
		63294ADB2C21EB1200EF4A90 /* Assets.xcassets in Resources */ = {isa = PBXBuildFile; fileRef = 63294ADA2C21EB1200EF4A90 /* Assets.xcassets */; };
		63294ADF2C21EB1200EF4A90 /* Preview Assets.xcassets in Resources */ = {isa = PBXBuildFile; fileRef = 63294ADE2C21EB1200EF4A90 /* Preview Assets.xcassets */; };
		63294AE92C21EB1200EF4A90 /* RhizomeTests.swift in Sources */ = {isa = PBXBuildFile; fileRef = 63294AE82C21EB1200EF4A90 /* RhizomeTests.swift */; };
		63294AF32C21EB1200EF4A90 /* RhizomeUITests.swift in Sources */ = {isa = PBXBuildFile; fileRef = 63294AF22C21EB1200EF4A90 /* RhizomeUITests.swift */; };
		63294AF52C21EB1200EF4A90 /* RhizomeUITestsLaunchTests.swift in Sources */ = {isa = PBXBuildFile; fileRef = 63294AF42C21EB1200EF4A90 /* RhizomeUITestsLaunchTests.swift */; };
/* End PBXBuildFile section */

/* Begin PBXContainerItemProxy section */
		63294AE52C21EB1200EF4A90 /* PBXContainerItemProxy */ = {
			isa = PBXContainerItemProxy;
			containerPortal = 63294ACB2C21EB1100EF4A90 /* Project object */;
			proxyType = 1;
			remoteGlobalIDString = 63294AD22C21EB1100EF4A90;
			remoteInfo = Rhizome;
		};
		63294AEF2C21EB1200EF4A90 /* PBXContainerItemProxy */ = {
			isa = PBXContainerItemProxy;
			containerPortal = 63294ACB2C21EB1100EF4A90 /* Project object */;
			proxyType = 1;
			remoteGlobalIDString = 63294AD22C21EB1100EF4A90;
			remoteInfo = Rhizome;
		};
/* End PBXContainerItemProxy section */

/* Begin PBXFileReference section */
		63294AD32C21EB1100EF4A90 /* Rhizome.app */ = {isa = PBXFileReference; explicitFileType = wrapper.application; includeInIndex = 0; path = Rhizome.app; sourceTree = BUILT_PRODUCTS_DIR; };
		63294AD62C21EB1100EF4A90 /* RhizomeApp.swift */ = {isa = PBXFileReference; lastKnownFileType = sourcecode.swift; path = RhizomeApp.swift; sourceTree = "<group>"; };
		63294AD82C21EB1100EF4A90 /* ContentView.swift */ = {isa = PBXFileReference; lastKnownFileType = sourcecode.swift; path = ContentView.swift; sourceTree = "<group>"; };
		63294ADA2C21EB1200EF4A90 /* Assets.xcassets */ = {isa = PBXFileReference; lastKnownFileType = folder.assetcatalog; path = Assets.xcassets; sourceTree = "<group>"; };
		63294ADC2C21EB1200EF4A90 /* Rhizome.entitlements */ = {isa = PBXFileReference; lastKnownFileType = text.plist.entitlements; path = Rhizome.entitlements; sourceTree = "<group>"; };
		63294ADE2C21EB1200EF4A90 /* Preview Assets.xcassets */ = {isa = PBXFileReference; lastKnownFileType = folder.assetcatalog; path = "Preview Assets.xcassets"; sourceTree = "<group>"; };
		63294AE42C21EB1200EF4A90 /* RhizomeTests.xctest */ = {isa = PBXFileReference; explicitFileType = wrapper.cfbundle; includeInIndex = 0; path = RhizomeTests.xctest; sourceTree = BUILT_PRODUCTS_DIR; };
		63294AE82C21EB1200EF4A90 /* RhizomeTests.swift */ = {isa = PBXFileReference; lastKnownFileType = sourcecode.swift; path = RhizomeTests.swift; sourceTree = "<group>"; };
		63294AEE2C21EB1200EF4A90 /* RhizomeUITests.xctest */ = {isa = PBXFileReference; explicitFileType = wrapper.cfbundle; includeInIndex = 0; path = RhizomeUITests.xctest; sourceTree = BUILT_PRODUCTS_DIR; };
		63294AF22C21EB1200EF4A90 /* RhizomeUITests.swift */ = {isa = PBXFileReference; lastKnownFileType = sourcecode.swift; path = RhizomeUITests.swift; sourceTree = "<group>"; };
		63294AF42C21EB1200EF4A90 /* RhizomeUITestsLaunchTests.swift */ = {isa = PBXFileReference; lastKnownFileType = sourcecode.swift; path = RhizomeUITestsLaunchTests.swift; sourceTree = "<group>"; };
/* End PBXFileReference section */

/* Begin PBXFrameworksBuildPhase section */
		63294AD02C21EB1100EF4A90 /* Frameworks */ = {
			isa = PBXFrameworksBuildPhase;
			buildActionMask = 2147483647;
			files = (
			);
			runOnlyForDeploymentPostprocessing = 0;
		};
		63294AE12C21EB1200EF4A90 /* Frameworks */ = {
			isa = PBXFrameworksBuildPhase;
			buildActionMask = 2147483647;
			files = (
			);
			runOnlyForDeploymentPostprocessing = 0;
		};
		63294AEB2C21EB1200EF4A90 /* Frameworks */ = {
			isa = PBXFrameworksBuildPhase;
			buildActionMask = 2147483647;
			files = (
			);
			runOnlyForDeploymentPostprocessing = 0;
		};
/* End PBXFrameworksBuildPhase section */

/* Begin PBXGroup section */
		63294ACA2C21EB1100EF4A90 = {
			isa = PBXGroup;
			children = (
				63294AD52C21EB1100EF4A90 /* Rhizome */,
				63294AE72C21EB1200EF4A90 /* RhizomeTests */,
				63294AF12C21EB1200EF4A90 /* RhizomeUITests */,
				63294AD42C21EB1100EF4A90 /* Products */,
			);
			sourceTree = "<group>";
		};
		63294AD42C21EB1100EF4A90 /* Products */ = {
			isa = PBXGroup;
			children = (
				63294AD32C21EB1100EF4A90 /* Rhizome.app */,
				63294AE42C21EB1200EF4A90 /* RhizomeTests.xctest */,
				63294AEE2C21EB1200EF4A90 /* RhizomeUITests.xctest */,
			);
			name = Products;
			sourceTree = "<group>";
		};
		63294AD52C21EB1100EF4A90 /* Rhizome */ = {
			isa = PBXGroup;
			children = (
				63294AD62C21EB1100EF4A90 /* RhizomeApp.swift */,
				63294AD82C21EB1100EF4A90 /* ContentView.swift */,
				63294ADA2C21EB1200EF4A90 /* Assets.xcassets */,
				63294ADC2C21EB1200EF4A90 /* Rhizome.entitlements */,
				63294ADD2C21EB1200EF4A90 /* Preview Content */,
			);
			path = Rhizome;
			sourceTree = "<group>";
		};
		63294ADD2C21EB1200EF4A90 /* Preview Content */ = {
			isa = PBXGroup;
			children = (
				63294ADE2C21EB1200EF4A90 /* Preview Assets.xcassets */,
			);
			path = "Preview Content";
			sourceTree = "<group>";
		};
		63294AE72C21EB1200EF4A90 /* RhizomeTests */ = {
			isa = PBXGroup;
			children = (
				63294AE82C21EB1200EF4A90 /* RhizomeTests.swift */,
			);
			path = RhizomeTests;
			sourceTree = "<group>";
		};
		63294AF12C21EB1200EF4A90 /* RhizomeUITests */ = {
			isa = PBXGroup;
			children = (
				63294AF22C21EB1200EF4A90 /* RhizomeUITests.swift */,
				63294AF42C21EB1200EF4A90 /* RhizomeUITestsLaunchTests.swift */,
			);
			path = RhizomeUITests;
			sourceTree = "<group>";
		};
/* End PBXGroup section */

/* Begin PBXNativeTarget section */
		63294AD22C21EB1100EF4A90 /* Rhizome */ = {
			isa = PBXNativeTarget;
			buildConfigurationList = 63294AF82C21EB1200EF4A90 /* Build configuration list for PBXNativeTarget "Rhizome" */;
			buildPhases = (
				63294ACF2C21EB1100EF4A90 /* Sources */,
				63294AD02C21EB1100EF4A90 /* Frameworks */,
				63294AD12C21EB1100EF4A90 /* Resources */,
			);
			buildRules = (
			);
			dependencies = (
			);
			name = Rhizome;
			productName = Rhizome;
			productReference = 63294AD32C21EB1100EF4A90 /* Rhizome.app */;
			productType = "com.apple.product-type.application";
		};
		63294AE32C21EB1200EF4A90 /* RhizomeTests */ = {
			isa = PBXNativeTarget;
			buildConfigurationList = 63294AFB2C21EB1200EF4A90 /* Build configuration list for PBXNativeTarget "RhizomeTests" */;
			buildPhases = (
				63294AE02C21EB1200EF4A90 /* Sources */,
				63294AE12C21EB1200EF4A90 /* Frameworks */,
				63294AE22C21EB1200EF4A90 /* Resources */,
			);
			buildRules = (
			);
			dependencies = (
				63294AE62C21EB1200EF4A90 /* PBXTargetDependency */,
			);
			name = RhizomeTests;
			productName = RhizomeTests;
			productReference = 63294AE42C21EB1200EF4A90 /* RhizomeTests.xctest */;
			productType = "com.apple.product-type.bundle.unit-test";
		};
		63294AED2C21EB1200EF4A90 /* RhizomeUITests */ = {
			isa = PBXNativeTarget;
			buildConfigurationList = 63294AFE2C21EB1200EF4A90 /* Build configuration list for PBXNativeTarget "RhizomeUITests" */;
			buildPhases = (
				63294AEA2C21EB1200EF4A90 /* Sources */,
				63294AEB2C21EB1200EF4A90 /* Frameworks */,
				63294AEC2C21EB1200EF4A90 /* Resources */,
			);
			buildRules = (
			);
			dependencies = (
				63294AF02C21EB1200EF4A90 /* PBXTargetDependency */,
			);
			name = RhizomeUITests;
			productName = RhizomeUITests;
			productReference = 63294AEE2C21EB1200EF4A90 /* RhizomeUITests.xctest */;
			productType = "com.apple.product-type.bundle.ui-testing";
		};
/* End PBXNativeTarget section */

/* Begin PBXProject section */
		63294ACB2C21EB1100EF4A90 /* Project object */ = {
			isa = PBXProject;
			attributes = {
				BuildIndependentTargetsInParallel = 1;
				LastSwiftUpdateCheck = 1540;
				LastUpgradeCheck = 1540;
				TargetAttributes = {
					63294AD22C21EB1100EF4A90 = {
						CreatedOnToolsVersion = 15.4;
					};
					63294AE32C21EB1200EF4A90 = {
						CreatedOnToolsVersion = 15.4;
						TestTargetID = 63294AD22C21EB1100EF4A90;
					};
					63294AED2C21EB1200EF4A90 = {
						CreatedOnToolsVersion = 15.4;
						TestTargetID = 63294AD22C21EB1100EF4A90;
					};
				};
			};
			buildConfigurationList = 63294ACE2C21EB1100EF4A90 /* Build configuration list for PBXProject "Rhizome" */;
			compatibilityVersion = "Xcode 14.0";
			developmentRegion = en;
			hasScannedForEncodings = 0;
			knownRegions = (
				en,
				Base,
			);
			mainGroup = 63294ACA2C21EB1100EF4A90;
			productRefGroup = 63294AD42C21EB1100EF4A90 /* Products */;
			projectDirPath = "";
			projectRoot = "";
			targets = (
				63294AD22C21EB1100EF4A90 /* Rhizome */,
				63294AE32C21EB1200EF4A90 /* RhizomeTests */,
				63294AED2C21EB1200EF4A90 /* RhizomeUITests */,
			);
		};
/* End PBXProject section */

/* Begin PBXResourcesBuildPhase section */
		63294AD12C21EB1100EF4A90 /* Resources */ = {
			isa = PBXResourcesBuildPhase;
			buildActionMask = 2147483647;
			files = (
				63294ADF2C21EB1200EF4A90 /* Preview Assets.xcassets in Resources */,
				63294ADB2C21EB1200EF4A90 /* Assets.xcassets in Resources */,
			);
			runOnlyForDeploymentPostprocessing = 0;
		};
		63294AE22C21EB1200EF4A90 /* Resources */ = {
			isa = PBXResourcesBuildPhase;
			buildActionMask = 2147483647;
			files = (
			);
			runOnlyForDeploymentPostprocessing = 0;
		};
		63294AEC2C21EB1200EF4A90 /* Resources */ = {
			isa = PBXResourcesBuildPhase;
			buildActionMask = 2147483647;
			files = (
			);
			runOnlyForDeploymentPostprocessing = 0;
		};
/* End PBXResourcesBuildPhase section */

/* Begin PBXSourcesBuildPhase section */
		63294ACF2C21EB1100EF4A90 /* Sources */ = {
			isa = PBXSourcesBuildPhase;
			buildActionMask = 2147483647;
			files = (
				63294AD92C21EB1100EF4A90 /* ContentView.swift in Sources */,
				63294AD72C21EB1100EF4A90 /* RhizomeApp.swift in Sources */,
			);
			runOnlyForDeploymentPostprocessing = 0;
		};
		63294AE02C21EB1200EF4A90 /* Sources */ = {
			isa = PBXSourcesBuildPhase;
			buildActionMask = 2147483647;
			files = (
				63294AE92C21EB1200EF4A90 /* RhizomeTests.swift in Sources */,
			);
			runOnlyForDeploymentPostprocessing = 0;
		};
		63294AEA2C21EB1200EF4A90 /* Sources */ = {
			isa = PBXSourcesBuildPhase;
			buildActionMask = 2147483647;
			files = (
				63294AF32C21EB1200EF4A90 /* RhizomeUITests.swift in Sources */,
				63294AF52C21EB1200EF4A90 /* RhizomeUITestsLaunchTests.swift in Sources */,
			);
			runOnlyForDeploymentPostprocessing = 0;
		};
/* End PBXSourcesBuildPhase section */

/* Begin PBXTargetDependency section */
		63294AE62C21EB1200EF4A90 /* PBXTargetDependency */ = {
			isa = PBXTargetDependency;
			target = 63294AD22C21EB1100EF4A90 /* Rhizome */;
			targetProxy = 63294AE52C21EB1200EF4A90 /* PBXContainerItemProxy */;
		};
		63294AF02C21EB1200EF4A90 /* PBXTargetDependency */ = {
			isa = PBXTargetDependency;
			target = 63294AD22C21EB1100EF4A90 /* Rhizome */;
			targetProxy = 63294AEF2C21EB1200EF4A90 /* PBXContainerItemProxy */;
		};
/* End PBXTargetDependency section */

/* Begin XCBuildConfiguration section */
		63294AF62C21EB1200EF4A90 /* Debug */ = {
			isa = XCBuildConfiguration;
			buildSettings = {
				ALWAYS_SEARCH_USER_PATHS = NO;
				ASSETCATALOG_COMPILER_GENERATE_SWIFT_ASSET_SYMBOL_EXTENSIONS = YES;
				CLANG_ANALYZER_NONNULL = YES;
				CLANG_ANALYZER_NUMBER_OBJECT_CONVERSION = YES_AGGRESSIVE;
				CLANG_CXX_LANGUAGE_STANDARD = "gnu++20";
				CLANG_ENABLE_MODULES = YES;
				CLANG_ENABLE_OBJC_ARC = YES;
				CLANG_ENABLE_OBJC_WEAK = YES;
				CLANG_WARN_BLOCK_CAPTURE_AUTORELEASING = YES;
				CLANG_WARN_BOOL_CONVERSION = YES;
				CLANG_WARN_COMMA = YES;
				CLANG_WARN_CONSTANT_CONVERSION = YES;
				CLANG_WARN_DEPRECATED_OBJC_IMPLEMENTATIONS = YES;
				CLANG_WARN_DIRECT_OBJC_ISA_USAGE = YES_ERROR;
				CLANG_WARN_DOCUMENTATION_COMMENTS = YES;
				CLANG_WARN_EMPTY_BODY = YES;
				CLANG_WARN_ENUM_CONVERSION = YES;
				CLANG_WARN_INFINITE_RECURSION = YES;
				CLANG_WARN_INT_CONVERSION = YES;
				CLANG_WARN_NON_LITERAL_NULL_CONVERSION = YES;
				CLANG_WARN_OBJC_IMPLICIT_RETAIN_SELF = YES;
				CLANG_WARN_OBJC_LITERAL_CONVERSION = YES;
				CLANG_WARN_OBJC_ROOT_CLASS = YES_ERROR;
				CLANG_WARN_QUOTED_INCLUDE_IN_FRAMEWORK_HEADER = YES;
				CLANG_WARN_RANGE_LOOP_ANALYSIS = YES;
				CLANG_WARN_STRICT_PROTOTYPES = YES;
				CLANG_WARN_SUSPICIOUS_MOVE = YES;
				CLANG_WARN_UNGUARDED_AVAILABILITY = YES_AGGRESSIVE;
				CLANG_WARN_UNREACHABLE_CODE = YES;
				CLANG_WARN__DUPLICATE_METHOD_MATCH = YES;
				COPY_PHASE_STRIP = NO;
				DEBUG_INFORMATION_FORMAT = dwarf;
				ENABLE_STRICT_OBJC_MSGSEND = YES;
				ENABLE_TESTABILITY = YES;
				ENABLE_USER_SCRIPT_SANDBOXING = YES;
				GCC_C_LANGUAGE_STANDARD = gnu17;
				GCC_DYNAMIC_NO_PIC = NO;
				GCC_NO_COMMON_BLOCKS = YES;
				GCC_OPTIMIZATION_LEVEL = 0;
				GCC_PREPROCESSOR_DEFINITIONS = (
					"DEBUG=1",
					"$(inherited)",
				);
				GCC_WARN_64_TO_32_BIT_CONVERSION = YES;
				GCC_WARN_ABOUT_RETURN_TYPE = YES_ERROR;
				GCC_WARN_UNDECLARED_SELECTOR = YES;
				GCC_WARN_UNINITIALIZED_AUTOS = YES_AGGRESSIVE;
				GCC_WARN_UNUSED_FUNCTION = YES;
				GCC_WARN_UNUSED_VARIABLE = YES;
				LOCALIZATION_PREFERS_STRING_CATALOGS = YES;
				MTL_ENABLE_DEBUG_INFO = INCLUDE_SOURCE;
				MTL_FAST_MATH = YES;
				ONLY_ACTIVE_ARCH = YES;
				SWIFT_ACTIVE_COMPILATION_CONDITIONS = "DEBUG $(inherited)";
				SWIFT_OPTIMIZATION_LEVEL = "-Onone";
			};
			name = Debug;
		};
		63294AF72C21EB1200EF4A90 /* Release */ = {
			isa = XCBuildConfiguration;
			buildSettings = {
				ALWAYS_SEARCH_USER_PATHS = NO;
				ASSETCATALOG_COMPILER_GENERATE_SWIFT_ASSET_SYMBOL_EXTENSIONS = YES;
				CLANG_ANALYZER_NONNULL = YES;
				CLANG_ANALYZER_NUMBER_OBJECT_CONVERSION = YES_AGGRESSIVE;
				CLANG_CXX_LANGUAGE_STANDARD = "gnu++20";
				CLANG_ENABLE_MODULES = YES;
				CLANG_ENABLE_OBJC_ARC = YES;
				CLANG_ENABLE_OBJC_WEAK = YES;
				CLANG_WARN_BLOCK_CAPTURE_AUTORELEASING = YES;
				CLANG_WARN_BOOL_CONVERSION = YES;
				CLANG_WARN_COMMA = YES;
				CLANG_WARN_CONSTANT_CONVERSION = YES;
				CLANG_WARN_DEPRECATED_OBJC_IMPLEMENTATIONS = YES;
				CLANG_WARN_DIRECT_OBJC_ISA_USAGE = YES_ERROR;
				CLANG_WARN_DOCUMENTATION_COMMENTS = YES;
				CLANG_WARN_EMPTY_BODY = YES;
				CLANG_WARN_ENUM_CONVERSION = YES;
				CLANG_WARN_INFINITE_RECURSION = YES;
				CLANG_WARN_INT_CONVERSION = YES;
				CLANG_WARN_NON_LITERAL_NULL_CONVERSION = YES;
				CLANG_WARN_OBJC_IMPLICIT_RETAIN_SELF = YES;
				CLANG_WARN_OBJC_LITERAL_CONVERSION = YES;
				CLANG_WARN_OBJC_ROOT_CLASS = YES_ERROR;
				CLANG_WARN_QUOTED_INCLUDE_IN_FRAMEWORK_HEADER = YES;
				CLANG_WARN_RANGE_LOOP_ANALYSIS = YES;
				CLANG_WARN_STRICT_PROTOTYPES = YES;
				CLANG_WARN_SUSPICIOUS_MOVE = YES;
				CLANG_WARN_UNGUARDED_AVAILABILITY = YES_AGGRESSIVE;
				CLANG_WARN_UNREACHABLE_CODE = YES;
				CLANG_WARN__DUPLICATE_METHOD_MATCH = YES;
				COPY_PHASE_STRIP = NO;
				DEBUG_INFORMATION_FORMAT = "dwarf-with-dsym";
				ENABLE_NS_ASSERTIONS = NO;
				ENABLE_STRICT_OBJC_MSGSEND = YES;
				ENABLE_USER_SCRIPT_SANDBOXING = YES;
				GCC_C_LANGUAGE_STANDARD = gnu17;
				GCC_NO_COMMON_BLOCKS = YES;
				GCC_WARN_64_TO_32_BIT_CONVERSION = YES;
				GCC_WARN_ABOUT_RETURN_TYPE = YES_ERROR;
				GCC_WARN_UNDECLARED_SELECTOR = YES;
				GCC_WARN_UNINITIALIZED_AUTOS = YES_AGGRESSIVE;
				GCC_WARN_UNUSED_FUNCTION = YES;
				GCC_WARN_UNUSED_VARIABLE = YES;
				LOCALIZATION_PREFERS_STRING_CATALOGS = YES;
				MTL_ENABLE_DEBUG_INFO = NO;
				MTL_FAST_MATH = YES;
				SWIFT_COMPILATION_MODE = wholemodule;
			};
			name = Release;
		};
		63294AF92C21EB1200EF4A90 /* Debug */ = {
			isa = XCBuildConfiguration;
			buildSettings = {
				ASSETCATALOG_COMPILER_APPICON_NAME = AppIcon;
				ASSETCATALOG_COMPILER_GLOBAL_ACCENT_COLOR_NAME = AccentColor;
				CODE_SIGN_ENTITLEMENTS = Rhizome/Rhizome.entitlements;
				CODE_SIGN_STYLE = Automatic;
				CURRENT_PROJECT_VERSION = 1;
				DEVELOPMENT_ASSET_PATHS = "\"Rhizome/Preview Content\"";
				DEVELOPMENT_TEAM = 9JALHNGRBQ;
				ENABLE_HARDENED_RUNTIME = YES;
				ENABLE_PREVIEWS = YES;
				GENERATE_INFOPLIST_FILE = YES;
				"INFOPLIST_KEY_UIApplicationSceneManifest_Generation[sdk=iphoneos*]" = YES;
				"INFOPLIST_KEY_UIApplicationSceneManifest_Generation[sdk=iphonesimulator*]" = YES;
				"INFOPLIST_KEY_UIApplicationSupportsIndirectInputEvents[sdk=iphoneos*]" = YES;
				"INFOPLIST_KEY_UIApplicationSupportsIndirectInputEvents[sdk=iphonesimulator*]" = YES;
				"INFOPLIST_KEY_UILaunchScreen_Generation[sdk=iphoneos*]" = YES;
				"INFOPLIST_KEY_UILaunchScreen_Generation[sdk=iphonesimulator*]" = YES;
				"INFOPLIST_KEY_UIStatusBarStyle[sdk=iphoneos*]" = UIStatusBarStyleDefault;
				"INFOPLIST_KEY_UIStatusBarStyle[sdk=iphonesimulator*]" = UIStatusBarStyleDefault;
				INFOPLIST_KEY_UISupportedInterfaceOrientations_iPad = "UIInterfaceOrientationPortrait UIInterfaceOrientationPortraitUpsideDown UIInterfaceOrientationLandscapeLeft UIInterfaceOrientationLandscapeRight";
				INFOPLIST_KEY_UISupportedInterfaceOrientations_iPhone = "UIInterfaceOrientationPortrait UIInterfaceOrientationLandscapeLeft UIInterfaceOrientationLandscapeRight";
				IPHONEOS_DEPLOYMENT_TARGET = 17.5;
				LD_RUNPATH_SEARCH_PATHS = "@executable_path/Frameworks";
				"LD_RUNPATH_SEARCH_PATHS[sdk=macosx*]" = "@executable_path/../Frameworks";
				MACOSX_DEPLOYMENT_TARGET = 14.5;
				MARKETING_VERSION = 1.0;
				PRODUCT_BUNDLE_IDENTIFIER = org.davidjensenius.Rhizome;
				PRODUCT_NAME = "$(TARGET_NAME)";
				SDKROOT = auto;
				SUPPORTED_PLATFORMS = "iphoneos iphonesimulator macosx";
				SWIFT_EMIT_LOC_STRINGS = YES;
				SWIFT_VERSION = 5.0;
				TARGETED_DEVICE_FAMILY = "1,2";
			};
			name = Debug;
		};
		63294AFA2C21EB1200EF4A90 /* Release */ = {
			isa = XCBuildConfiguration;
			buildSettings = {
				ASSETCATALOG_COMPILER_APPICON_NAME = AppIcon;
				ASSETCATALOG_COMPILER_GLOBAL_ACCENT_COLOR_NAME = AccentColor;
				CODE_SIGN_ENTITLEMENTS = Rhizome/Rhizome.entitlements;
				CODE_SIGN_STYLE = Automatic;
				CURRENT_PROJECT_VERSION = 1;
				DEVELOPMENT_ASSET_PATHS = "\"Rhizome/Preview Content\"";
				DEVELOPMENT_TEAM = 9JALHNGRBQ;
				ENABLE_HARDENED_RUNTIME = YES;
				ENABLE_PREVIEWS = YES;
				GENERATE_INFOPLIST_FILE = YES;
				"INFOPLIST_KEY_UIApplicationSceneManifest_Generation[sdk=iphoneos*]" = YES;
				"INFOPLIST_KEY_UIApplicationSceneManifest_Generation[sdk=iphonesimulator*]" = YES;
				"INFOPLIST_KEY_UIApplicationSupportsIndirectInputEvents[sdk=iphoneos*]" = YES;
				"INFOPLIST_KEY_UIApplicationSupportsIndirectInputEvents[sdk=iphonesimulator*]" = YES;
				"INFOPLIST_KEY_UILaunchScreen_Generation[sdk=iphoneos*]" = YES;
				"INFOPLIST_KEY_UILaunchScreen_Generation[sdk=iphonesimulator*]" = YES;
				"INFOPLIST_KEY_UIStatusBarStyle[sdk=iphoneos*]" = UIStatusBarStyleDefault;
				"INFOPLIST_KEY_UIStatusBarStyle[sdk=iphonesimulator*]" = UIStatusBarStyleDefault;
				INFOPLIST_KEY_UISupportedInterfaceOrientations_iPad = "UIInterfaceOrientationPortrait UIInterfaceOrientationPortraitUpsideDown UIInterfaceOrientationLandscapeLeft UIInterfaceOrientationLandscapeRight";
				INFOPLIST_KEY_UISupportedInterfaceOrientations_iPhone = "UIInterfaceOrientationPortrait UIInterfaceOrientationLandscapeLeft UIInterfaceOrientationLandscapeRight";
				IPHONEOS_DEPLOYMENT_TARGET = 17.5;
				LD_RUNPATH_SEARCH_PATHS = "@executable_path/Frameworks";
				"LD_RUNPATH_SEARCH_PATHS[sdk=macosx*]" = "@executable_path/../Frameworks";
				MACOSX_DEPLOYMENT_TARGET = 14.5;
				MARKETING_VERSION = 1.0;
				PRODUCT_BUNDLE_IDENTIFIER = org.davidjensenius.Rhizome;
				PRODUCT_NAME = "$(TARGET_NAME)";
				SDKROOT = auto;
				SUPPORTED_PLATFORMS = "iphoneos iphonesimulator macosx";
				SWIFT_EMIT_LOC_STRINGS = YES;
				SWIFT_VERSION = 5.0;
				TARGETED_DEVICE_FAMILY = "1,2";
			};
			name = Release;
		};
		63294AFC2C21EB1200EF4A90 /* Debug */ = {
			isa = XCBuildConfiguration;
			buildSettings = {
				ALWAYS_EMBED_SWIFT_STANDARD_LIBRARIES = YES;
				BUNDLE_LOADER = "$(TEST_HOST)";
				CODE_SIGN_STYLE = Automatic;
				CURRENT_PROJECT_VERSION = 1;
				DEVELOPMENT_TEAM = 9JALHNGRBQ;
				GENERATE_INFOPLIST_FILE = YES;
				IPHONEOS_DEPLOYMENT_TARGET = 17.5;
				MACOSX_DEPLOYMENT_TARGET = 14.5;
				MARKETING_VERSION = 1.0;
				PRODUCT_BUNDLE_IDENTIFIER = org.davidjensenius.RhizomeTests;
				PRODUCT_NAME = "$(TARGET_NAME)";
				SDKROOT = auto;
				SUPPORTED_PLATFORMS = "iphoneos iphonesimulator macosx";
				SWIFT_EMIT_LOC_STRINGS = NO;
				SWIFT_VERSION = 5.0;
				TARGETED_DEVICE_FAMILY = "1,2";
				TEST_HOST = "$(BUILT_PRODUCTS_DIR)/Rhizome.app/$(BUNDLE_EXECUTABLE_FOLDER_PATH)/Rhizome";
			};
			name = Debug;
		};
		63294AFD2C21EB1200EF4A90 /* Release */ = {
			isa = XCBuildConfiguration;
			buildSettings = {
				ALWAYS_EMBED_SWIFT_STANDARD_LIBRARIES = YES;
				BUNDLE_LOADER = "$(TEST_HOST)";
				CODE_SIGN_STYLE = Automatic;
				CURRENT_PROJECT_VERSION = 1;
				DEVELOPMENT_TEAM = 9JALHNGRBQ;
				GENERATE_INFOPLIST_FILE = YES;
				IPHONEOS_DEPLOYMENT_TARGET = 17.5;
				MACOSX_DEPLOYMENT_TARGET = 14.5;
				MARKETING_VERSION = 1.0;
				PRODUCT_BUNDLE_IDENTIFIER = org.davidjensenius.RhizomeTests;
				PRODUCT_NAME = "$(TARGET_NAME)";
				SDKROOT = auto;
				SUPPORTED_PLATFORMS = "iphoneos iphonesimulator macosx";
				SWIFT_EMIT_LOC_STRINGS = NO;
				SWIFT_VERSION = 5.0;
				TARGETED_DEVICE_FAMILY = "1,2";
				TEST_HOST = "$(BUILT_PRODUCTS_DIR)/Rhizome.app/$(BUNDLE_EXECUTABLE_FOLDER_PATH)/Rhizome";
			};
			name = Release;
		};
		63294AFF2C21EB1200EF4A90 /* Debug */ = {
			isa = XCBuildConfiguration;
			buildSettings = {
				ALWAYS_EMBED_SWIFT_STANDARD_LIBRARIES = YES;
				CODE_SIGN_STYLE = Automatic;
				CURRENT_PROJECT_VERSION = 1;
				DEVELOPMENT_TEAM = 9JALHNGRBQ;
				GENERATE_INFOPLIST_FILE = YES;
				IPHONEOS_DEPLOYMENT_TARGET = 17.5;
				MACOSX_DEPLOYMENT_TARGET = 14.5;
				MARKETING_VERSION = 1.0;
				PRODUCT_BUNDLE_IDENTIFIER = org.davidjensenius.RhizomeUITests;
				PRODUCT_NAME = "$(TARGET_NAME)";
				SDKROOT = auto;
				SUPPORTED_PLATFORMS = "iphoneos iphonesimulator macosx";
				SWIFT_EMIT_LOC_STRINGS = NO;
				SWIFT_VERSION = 5.0;
				TARGETED_DEVICE_FAMILY = "1,2";
				TEST_TARGET_NAME = Rhizome;
			};
			name = Debug;
		};
		63294B002C21EB1200EF4A90 /* Release */ = {
			isa = XCBuildConfiguration;
			buildSettings = {
				ALWAYS_EMBED_SWIFT_STANDARD_LIBRARIES = YES;
				CODE_SIGN_STYLE = Automatic;
				CURRENT_PROJECT_VERSION = 1;
				DEVELOPMENT_TEAM = 9JALHNGRBQ;
				GENERATE_INFOPLIST_FILE = YES;
				IPHONEOS_DEPLOYMENT_TARGET = 17.5;
				MACOSX_DEPLOYMENT_TARGET = 14.5;
				MARKETING_VERSION = 1.0;
				PRODUCT_BUNDLE_IDENTIFIER = org.davidjensenius.RhizomeUITests;
				PRODUCT_NAME = "$(TARGET_NAME)";
				SDKROOT = auto;
				SUPPORTED_PLATFORMS = "iphoneos iphonesimulator macosx";
				SWIFT_EMIT_LOC_STRINGS = NO;
				SWIFT_VERSION = 5.0;
				TARGETED_DEVICE_FAMILY = "1,2";
				TEST_TARGET_NAME = Rhizome;
			};
			name = Release;
		};
/* End XCBuildConfiguration section */

/* Begin XCConfigurationList section */
		63294ACE2C21EB1100EF4A90 /* Build configuration list for PBXProject "Rhizome" */ = {
			isa = XCConfigurationList;
			buildConfigurations = (
				63294AF62C21EB1200EF4A90 /* Debug */,
				63294AF72C21EB1200EF4A90 /* Release */,
			);
			defaultConfigurationIsVisible = 0;
			defaultConfigurationName = Release;
		};
		63294AF82C21EB1200EF4A90 /* Build configuration list for PBXNativeTarget "Rhizome" */ = {
			isa = XCConfigurationList;
			buildConfigurations = (
				63294AF92C21EB1200EF4A90 /* Debug */,
				63294AFA2C21EB1200EF4A90 /* Release */,
			);
			defaultConfigurationIsVisible = 0;
			defaultConfigurationName = Release;
		};
		63294AFB2C21EB1200EF4A90 /* Build configuration list for PBXNativeTarget "RhizomeTests" */ = {
			isa = XCConfigurationList;
			buildConfigurations = (
				63294AFC2C21EB1200EF4A90 /* Debug */,
				63294AFD2C21EB1200EF4A90 /* Release */,
			);
			defaultConfigurationIsVisible = 0;
			defaultConfigurationName = Release;
		};
		63294AFE2C21EB1200EF4A90 /* Build configuration list for PBXNativeTarget "RhizomeUITests" */ = {
			isa = XCConfigurationList;
			buildConfigurations = (
				63294AFF2C21EB1200EF4A90 /* Debug */,
				63294B002C21EB1200EF4A90 /* Release */,
			);
			defaultConfigurationIsVisible = 0;
			defaultConfigurationName = Release;
		};
/* End XCConfigurationList section */
	};
	rootObject = 63294ACB2C21EB1100EF4A90 /* Project object */;
}
